<?xml version="1.0" encoding="utf-8"?>
<Project ToolsVersion="4.0" xmlns="http://schemas.microsoft.com/developer/msbuild/2003">
  <ItemGroup>
    <Filter Include="源文件">
      <UniqueIdentifier>{4FC737F1-C7A5-4376-A066-2A32D752A2FF}</UniqueIdentifier>
      <Extensions>cpp;c;cc;cxx;c++;cppm;ixx;def;odl;idl;hpj;bat;asm;asmx</Extensions>
    </Filter>
    <Filter Include="头文件">
      <UniqueIdentifier>{93995380-89BD-4b04-88EB-625FBE52EBFB}</UniqueIdentifier>
      <Extensions>h;hh;hpp;hxx;h++;hm;inl;inc;ipp;xsd</Extensions>
    </Filter>
    <Filter Include="资源文件">
      <UniqueIdentifier>{67DA6AB6-F800-4c08-8B7A-83BB121AAD01}</UniqueIdentifier>
      <Extensions>rc;ico;cur;bmp;dlg;rc2;rct;bin;rgs;gif;jpg;jpeg;jpe;resx;tiff;tif;png;wav;mfcribbon-ms</Extensions>
    </Filter>
  </ItemGroup>
  <ItemGroup>
    <ClCompile Include="0209.cpp">
      <Filter>源文件</Filter>
    </ClCompile>
    <ClCompile Include="0059.cpp">
      <Filter>源文件</Filter>
    </ClCompile>
    <ClCompile Include="KC058.cpp">
      <Filter>源文件</Filter>
    </ClCompile>
    <ClCompile Include="KC044.cpp">
      <Filter>源文件</Filter>
    </ClCompile>
    <ClCompile Include="0027.cpp">
      <Filter>源文件</Filter>
    </ClCompile>
    <ClCompile Include="0704.cpp">
      <Filter>源文件</Filter>
    </ClCompile>
    <ClCompile Include="0977.cpp">
      <Filter>源文件</Filter>
    </ClCompile>
    <ClCompile Include="0203.cpp">
      <Filter>源文件</Filter>
    </ClCompile>
    <ClCompile Include="0707.cpp">
      <Filter>源文件</Filter>
    </ClCompile>
    <ClCompile Include="0206.cpp">
      <Filter>源文件</Filter>
    </ClCompile>
    <ClCompile Include="0024.cpp">
      <Filter>源文件</Filter>
    </ClCompile>
    <ClCompile Include="0019.cpp">
      <Filter>源文件</Filter>
    </ClCompile>
    <ClCompile Include="Interview0207.cpp">
      <Filter>源文件</Filter>
    </ClCompile>
    <ClCompile Include="0142.cpp">
      <Filter>源文件</Filter>
    </ClCompile>
    <ClCompile Include="0242.cpp">
      <Filter>源文件</Filter>
    </ClCompile>
    <ClCompile Include="0349.cpp">
      <Filter>源文件</Filter>
    </ClCompile>
    <ClCompile Include="0202.cpp">
      <Filter>源文件</Filter>
    </ClCompile>
    <ClCompile Include="0001.cpp">
      <Filter>源文件</Filter>
    </ClCompile>
    <ClCompile Include="0454.cpp">
      <Filter>源文件</Filter>
    </ClCompile>
    <ClCompile Include="0383.cpp">
      <Filter>源文件</Filter>
    </ClCompile>
    <ClCompile Include="0015.cpp">
      <Filter>源文件</Filter>
    </ClCompile>
    <ClCompile Include="0018.cpp">
      <Filter>源文件</Filter>
    </ClCompile>
    <ClCompile Include="0344.cpp">
      <Filter>源文件</Filter>
    </ClCompile>
    <ClCompile Include="0541.cpp">
      <Filter>源文件</Filter>
    </ClCompile>
    <ClCompile Include="KC054.cpp">
      <Filter>源文件</Filter>
    </ClCompile>
    <ClCompile Include="0151.cpp">
      <Filter>源文件</Filter>
    </ClCompile>
    <ClCompile Include="KC055.cpp">
      <Filter>源文件</Filter>
    </ClCompile>
    <ClCompile Include="0028.cpp">
      <Filter>源文件</Filter>
    </ClCompile>
    <ClCompile Include="0459.cpp">
      <Filter>源文件</Filter>
    </ClCompile>
    <ClCompile Include="0016.cpp">
      <Filter>源文件</Filter>
    </ClCompile>
    <ClCompile Include="0232.cpp">
      <Filter>源文件</Filter>
    </ClCompile>
    <ClCompile Include="0225.cpp">
      <Filter>源文件</Filter>
    </ClCompile>
    <ClCompile Include="0020.cpp">
      <Filter>源文件</Filter>
    </ClCompile>
    <ClCompile Include="1047.cpp">
      <Filter>源文件</Filter>
    </ClCompile>
    <ClCompile Include="0150.cpp">
      <Filter>源文件</Filter>
    </ClCompile>
    <ClCompile Include="0239.cpp">
      <Filter>源文件</Filter>
    </ClCompile>
    <ClCompile Include="0347.cpp">
      <Filter>源文件</Filter>
    </ClCompile>
    <ClCompile Include="0144.cpp">
      <Filter>源文件</Filter>
    </ClCompile>
    <ClCompile Include="0145.cpp">
      <Filter>源文件</Filter>
    </ClCompile>
    <ClCompile Include="0094.cpp">
      <Filter>源文件</Filter>
    </ClCompile>
    <ClCompile Include="0102.cpp">
      <Filter>源文件</Filter>
    </ClCompile>
    <ClCompile Include="0107.cpp">
      <Filter>源文件</Filter>
    </ClCompile>
    <ClCompile Include="0199.cpp">
      <Filter>源文件</Filter>
    </ClCompile>
    <ClCompile Include="0637.cpp">
      <Filter>源文件</Filter>
    </ClCompile>
    <ClCompile Include="0429.cpp">
      <Filter>源文件</Filter>
    </ClCompile>
    <ClCompile Include="0515.cpp">
      <Filter>源文件</Filter>
    </ClCompile>
    <ClCompile Include="0116.cpp">
      <Filter>源文件</Filter>
    </ClCompile>
    <ClCompile Include="0117.cpp">
      <Filter>源文件</Filter>
    </ClCompile>
    <ClCompile Include="0104.cpp">
      <Filter>源文件</Filter>
    </ClCompile>
    <ClCompile Include="0111.cpp">
      <Filter>源文件</Filter>
    </ClCompile>
    <ClCompile Include="0226.cpp">
      <Filter>源文件</Filter>
    </ClCompile>
    <ClCompile Include="0101.cpp">
      <Filter>源文件</Filter>
    </ClCompile>
    <ClCompile Include="0222.cpp">
      <Filter>源文件</Filter>
    </ClCompile>
    <ClCompile Include="0110.cpp">
      <Filter>源文件</Filter>
    </ClCompile>
    <ClCompile Include="0257.cpp">
      <Filter>源文件</Filter>
    </ClCompile>
    <ClCompile Include="0404.cpp">
      <Filter>源文件</Filter>
    </ClCompile>
    <ClCompile Include="0513.cpp">
      <Filter>源文件</Filter>
    </ClCompile>
    <ClCompile Include="0112.cpp">
      <Filter>源文件</Filter>
    </ClCompile>
    <ClCompile Include="0113.cpp">
      <Filter>源文件</Filter>
    </ClCompile>
    <ClCompile Include="0106.cpp">
      <Filter>源文件</Filter>
    </ClCompile>
    <ClCompile Include="0105.cpp">
      <Filter>源文件</Filter>
    </ClCompile>
    <ClCompile Include="0654.cpp">
      <Filter>源文件</Filter>
    </ClCompile>
    <ClCompile Include="0617.cpp">
      <Filter>源文件</Filter>
    </ClCompile>
    <ClCompile Include="0700.cpp">
      <Filter>源文件</Filter>
    </ClCompile>
    <ClCompile Include="0098.cpp">
      <Filter>源文件</Filter>
    </ClCompile>
    <ClCompile Include="0530.cpp">
      <Filter>源文件</Filter>
    </ClCompile>
    <ClCompile Include="0501.cpp">
      <Filter>源文件</Filter>
    </ClCompile>
    <ClCompile Include="0236.cpp">
      <Filter>源文件</Filter>
    </ClCompile>
    <ClCompile Include="0235.cpp">
      <Filter>源文件</Filter>
    </ClCompile>
    <ClCompile Include="0701.cpp">
      <Filter>源文件</Filter>
    </ClCompile>
    <ClCompile Include="0450.cpp">
      <Filter>源文件</Filter>
    </ClCompile>
    <ClCompile Include="0669.cpp">
      <Filter>源文件</Filter>
    </ClCompile>
    <ClCompile Include="0108.cpp">
      <Filter>源文件</Filter>
    </ClCompile>
    <ClCompile Include="0538.cpp">
      <Filter>源文件</Filter>
    </ClCompile>
    <ClCompile Include="0077.cpp">
      <Filter>源文件</Filter>
    </ClCompile>
    <ClCompile Include="0216.cpp">
      <Filter>源文件</Filter>
    </ClCompile>
    <ClCompile Include="0017.cpp">
      <Filter>源文件</Filter>
    </ClCompile>
    <ClCompile Include="0039.cpp">
      <Filter>源文件</Filter>
    </ClCompile>
    <ClCompile Include="0040.cpp">
      <Filter>源文件</Filter>
    </ClCompile>
    <ClCompile Include="0131.cpp">
      <Filter>源文件</Filter>
    </ClCompile>
    <ClCompile Include="0093.cpp">
      <Filter>源文件</Filter>
    </ClCompile>
    <ClCompile Include="0078.cpp">
      <Filter>源文件</Filter>
    </ClCompile>
    <ClCompile Include="0090.cpp">
      <Filter>源文件</Filter>
    </ClCompile>
    <ClCompile Include="0491.cpp">
      <Filter>源文件</Filter>
    </ClCompile>
    <ClCompile Include="0047.cpp">
      <Filter>源文件</Filter>
    </ClCompile>
    <ClCompile Include="0332.cpp">
      <Filter>源文件</Filter>
    </ClCompile>
    <ClCompile Include="0051.cpp">
      <Filter>源文件</Filter>
    </ClCompile>
    <ClCompile Include="0037.cpp">
      <Filter>源文件</Filter>
    </ClCompile>
    <ClCompile Include="0376.cpp">
      <Filter>源文件</Filter>
    </ClCompile>
    <ClCompile Include="0134.cpp">
      <Filter>源文件</Filter>
    </ClCompile>
    <ClCompile Include="0135.cpp">
      <Filter>源文件</Filter>
    </ClCompile>
    <ClCompile Include="0452.cpp">
      <Filter>源文件</Filter>
    </ClCompile>
    <ClCompile Include="0435.cpp">
      <Filter>源文件</Filter>
    </ClCompile>
    <ClCompile Include="0056.cpp">
      <Filter>源文件</Filter>
    </ClCompile>
    <ClCompile Include="0738.cpp">
      <Filter>源文件</Filter>
    </ClCompile>
    <ClCompile Include="0968.cpp">
      <Filter>源文件</Filter>
    </ClCompile>
    <ClCompile Include="KC046.cpp">
      <Filter>源文件</Filter>
    </ClCompile>
    <ClCompile Include="0474.cpp">
      <Filter>源文件</Filter>
    </ClCompile>
    <ClCompile Include="exercise1.cpp">
      <Filter>源文件</Filter>
    </ClCompile>
    <ClCompile Include="TextQuery.cpp">
      <Filter>源文件</Filter>
    </ClCompile>
    <ClCompile Include="0322.cpp">
      <Filter>源文件</Filter>
    </ClCompile>
    <ClCompile Include="template.cpp">
      <Filter>源文件</Filter>
    </ClCompile>
    <ClCompile Include="0139.cpp">
      <Filter>源文件</Filter>
    </ClCompile>
    <ClCompile Include="BlobPtr.cpp">
      <Filter>源文件</Filter>
    </ClCompile>
    <ClCompile Include="DebugDelete.cpp">
      <Filter>源文件</Filter>
    </ClCompile>
    <ClCompile Include="0213.cpp">
      <Filter>源文件</Filter>
    </ClCompile>
    <ClCompile Include="0337.cpp">
      <Filter>源文件</Filter>
    </ClCompile>
    <ClCompile Include="debug_rep.cpp">
      <Filter>源文件</Filter>
    </ClCompile>
    <ClCompile Include="0121.cpp">
      <Filter>源文件</Filter>
    </ClCompile>
    <ClCompile Include="print.cpp">
      <Filter>源文件</Filter>
    </ClCompile>
    <ClCompile Include="hash.cpp">
      <Filter>源文件</Filter>
    </ClCompile>
    <ClCompile Include="Blob.cpp">
      <Filter>源文件</Filter>
    </ClCompile>
    <ClCompile Include="0300.cpp">
      <Filter>源文件</Filter>
    </ClCompile>
    <ClCompile Include="1035.cpp">
      <Filter>源文件</Filter>
    </ClCompile>
    <ClCompile Include="test.cpp">
      <Filter>源文件</Filter>
    </ClCompile>
    <ClCompile Include="lanqiao01.cpp">
      <Filter>源文件</Filter>
    </ClCompile>
    <ClCompile Include="lanqiao02.cpp">
      <Filter>源文件</Filter>
    </ClCompile>
    <ClCompile Include="KC099.cpp">
      <Filter>源文件</Filter>
    </ClCompile>
    <ClCompile Include="sort.cpp">
      <Filter>源文件</Filter>
    </ClCompile>
  </ItemGroup>
</Project>